
Microsoft Visual Studio Solution File, Format Version 12.00
# Visual Studio Version 17
VisualStudioVersion = 17.10.34928.147
MinimumVisualStudioVersion = 10.0.40219.1
Project("{FAE04EC0-301F-11D3-BF4B-00C04F79EFBC}") = "WpfApp", "WpfApp\WpfApp.csproj", "{ED9011C4-1C31-4725-A530-5F004BDF0056}"
EndProject
Global
	GlobalSection(SolutionConfigurationPlatforms) = preSolution
		Debug|Any CPU = Debug|Any CPU
		Release|Any CPU = Release|Any CPU
	EndGlobalSection
	GlobalSection(ProjectConfigurationPlatforms) = postSolution
		{ED9011C4-1C31-4725-A530-5F004BDF0056}.Debug|Any CPU.ActiveCfg = Debug|Any CPU
		{ED9011C4-1C31-4725-A530-5F004BDF0056}.Debug|Any CPU.Build.0 = Debug|Any CPU
		{ED9011C4-1C31-4725-A530-5F004BDF0056}.Release|Any CPU.ActiveCfg = Release|Any CPU
		{ED9011C4-1C31-4725-A530-5F004BDF0056}.Release|Any CPU.Build.0 = Release|Any CPU
	EndGlobalSection
	GlobalSection(SolutionProperties) = preSolution
		HideSolutionNode = FALSE
	EndGlobalSection
	GlobalSection(ExtensibilityGlobals) = postSolution
		SolutionGuid = {FB7BE221-C98B-4F55-92E3-D1950B0CCE4B}
	EndGlobalSection
EndGlobal
